
Microsoft Visual Studio Solution File, Format Version 12.00
# Visual Studio Version 16
VisualStudioVersion = 16.0.33214.272
MinimumVisualStudioVersion = 10.0.40219.1
Project("{FAE04EC0-301F-11D3-BF4B-00C04F79EFBC}") = "ProducerNConsumer", "ProducerNConsumer.csproj", "{127ADEA5-1C1A-4906-9B1B-E103A7AB26F7}"
EndProject
Global
	GlobalSection(SolutionConfigurationPlatforms) = preSolution
		Debug|Any CPU = Debug|Any CPU
		Release|Any CPU = Release|Any CPU
	EndGlobalSection
	GlobalSection(ProjectConfigurationPlatforms) = postSolution
		{127ADEA5-1C1A-4906-9B1B-E103A7AB26F7}.Debug|Any CPU.ActiveCfg = Debug|Any CPU
		{127ADEA5-1C1A-4906-9B1B-E103A7AB26F7}.Debug|Any CPU.Build.0 = Debug|Any CPU
		{127ADEA5-1C1A-4906-9B1B-E103A7AB26F7}.Release|Any CPU.ActiveCfg = Release|Any CPU
		{127ADEA5-1C1A-4906-9B1B-E103A7AB26F7}.Release|Any CPU.Build.0 = Release|Any CPU
	EndGlobalSection
	GlobalSection(SolutionProperties) = preSolution
		HideSolutionNode = FALSE
	EndGlobalSection
	GlobalSection(ExtensibilityGlobals) = postSolution
		SolutionGuid = {F737E6AC-32DE-4034-8734-701B4A9655A1}
	EndGlobalSection
EndGlobal
